Microsoft Visual Studio Solution File, Format Version 12.00
# Visual Studio Version 17
VisualStudioVersion = 17.0.31903.59
MinimumVisualStudioVersion = 10.0.40219.1
Project("{FAE04EC0-301F-11D3-BF4B-00C04F79EFBC}") = "ClosureMod", "ClosureMod.csproj", "{66F01E42-8110-4F71-93A7-3BC7A8A3B97C}"
EndProject
Global
	GlobalSection(SolutionConfigurationPlatforms) = preSolution
		Debug|Any CPU = Debug|Any CPU
		Release|Any CPU = Release|Any CPU
	EndGlobalSection
	GlobalSection(ProjectConfigurationPlatforms) = postSolution
		{66F01E42-8110-4F71-93A7-3BC7A8A3B97C}.Debug|Any CPU.ActiveCfg = Debug|Any CPU
		{66F01E42-8110-4F71-93A7-3BC7A8A3B97C}.Debug|Any CPU.Build.0 = Debug|Any CPU
		{66F01E42-8110-4F71-93A7-3BC7A8A3B97C}.Release|Any CPU.ActiveCfg = Release|Any CPU
		{66F01E42-8110-4F71-93A7-3BC7A8A3B97C}.Release|Any CPU.Build.0 = Release|Any CPU
	EndGlobalSection
	GlobalSection(SolutionProperties) = preSolution
		HideSolutionNode = FALSE
	EndGlobalSection
EndGlobal

